
Microsoft Visual Studio Solution File, Format Version 12.00
# Visual Studio Version 16
VisualStudioVersion = 16.0.32002.261
MinimumVisualStudioVersion = 10.0.40219.1
Project("{8BC9CEB8-8B4A-11D0-8D11-00A0C91BC942}") = "Project2", "Project1.vcxproj", "{C0AC5C23-2825-4280-BBF0-967863B6A9DD}"
EndProject
Global
	GlobalSection(SolutionConfigurationPlatforms) = preSolution
		Debug|x64 = Debug|x64
		Debug|x86 = Debug|x86
		Release|x64 = Release|x64
		Release|x86 = Release|x86
	EndGlobalSection
	GlobalSection(ProjectConfigurationPlatforms) = postSolution
		{C0AC5C23-2825-4280-BBF0-967863B6A9DD}.Debug|x64.ActiveCfg = Debug|x64
		{C0AC5C23-2825-4280-BBF0-967863B6A9DD}.Debug|x64.Build.0 = Debug|x64
		{C0AC5C23-2825-4280-BBF0-967863B6A9DD}.Debug|x86.ActiveCfg = Debug|Win32
		{C0AC5C23-2825-4280-BBF0-967863B6A9DD}.Debug|x86.Build.0 = Debug|Win32
		{C0AC5C23-2825-4280-BBF0-967863B6A9DD}.Release|x64.ActiveCfg = Release|x64
		{C0AC5C23-2825-4280-BBF0-967863B6A9DD}.Release|x64.Build.0 = Release|x64
		{C0AC5C23-2825-4280-BBF0-967863B6A9DD}.Release|x86.ActiveCfg = Release|Win32
		{C0AC5C23-2825-4280-BBF0-967863B6A9DD}.Release|x86.Build.0 = Release|Win32
	EndGlobalSection
	GlobalSection(SolutionProperties) = preSolution
		HideSolutionNode = FALSE
	EndGlobalSection
	GlobalSection(ExtensibilityGlobals) = postSolution
		SolutionGuid = {07B110D2-D95B-4144-A77A-FF0A2826D7B3}
	EndGlobalSection
EndGlobal
