<?xml version="1.0" encoding="utf-8"?>
<Project ToolsVersion="4.0" xmlns="http://schemas.microsoft.com/developer/msbuild/2003">
  <ItemGroup>
    <Filter Include="Arquivos de Origem">
      <UniqueIdentifier>{4FC737F1-C7A5-4376-A066-2A32D752A2FF}</UniqueIdentifier>
      <Extensions>cpp;c;cc;cxx;c++;cppm;ixx;def;odl;idl;hpj;bat;asm;asmx</Extensions>
    </Filter>
    <Filter Include="Arquivos de Cabeçalho">
      <UniqueIdentifier>{93995380-89BD-4b04-88EB-625FBE52EBFB}</UniqueIdentifier>
      <Extensions>h;hh;hpp;hxx;h++;hm;inl;inc;ipp;xsd</Extensions>
    </Filter>
    <Filter Include="Arquivos de Recurso">
      <UniqueIdentifier>{67DA6AB6-F800-4c08-8B7A-83BB121AAD01}</UniqueIdentifier>
      <Extensions>rc;ico;cur;bmp;dlg;rc2;rct;bin;rgs;gif;jpg;jpeg;jpe;resx;tiff;tif;png;wav;mfcribbon-ms</Extensions>
    </Filter>
  </ItemGroup>
  <ItemGroup>
    <ClCompile Include="main.cpp">
      <Filter>Arquivos de Origem</Filter>
    </ClCompile>
    <ClCompile Include="lodepng\lodepng.cpp">
      <Filter>Arquivos de Origem</Filter>
    </ClCompile>
    <ClCompile Include="cubemap\Cubemap.cpp">
      <Filter>Arquivos de Origem</Filter>
    </ClCompile>
  </ItemGroup>
  <ItemGroup>
    <ClInclude Include="cyCodeBase\cyIVector.h">
      <Filter>Arquivos de Cabeçalho</Filter>
    </ClInclude>
    <ClInclude Include="cyCodeBase\cyTriMesh.h">
      <Filter>Arquivos de Cabeçalho</Filter>
    </ClInclude>
    <ClInclude Include="cyCodeBase\cyCore.h">
      <Filter>Arquivos de Cabeçalho</Filter>
    </ClInclude>
    <ClInclude Include="cyCodeBase\cyGL.h">
      <Filter>Arquivos de Cabeçalho</Filter>
    </ClInclude>
    <ClInclude Include="lodepng\lodepng.h">
      <Filter>Arquivos de Cabeçalho</Filter>
    </ClInclude>
    <ClInclude Include="cubemap\Cubemap.h">
      <Filter>Arquivos de Cabeçalho</Filter>
    </ClInclude>
  </ItemGroup>
  <ItemGroup>
    <None Include="Shaders\fragment.frag" />
    <None Include="Shaders\vertex.vert" />
    <None Include="Shaders\Blinn_shading.frag" />
    <None Include="Shaders\vertexcube.vert" />
    <None Include="Shaders\fragmentcube.frag" />
    <None Include="Shaders\reflecting_surface.frag" />
  </ItemGroup>
  <ItemGroup>
    <Image Include="cubemap\cubemap_negx.png">
      <Filter>Arquivos de Recurso</Filter>
    </Image>
    <Image Include="cubemap\cubemap_negy.png">
      <Filter>Arquivos de Recurso</Filter>
    </Image>
    <Image Include="cubemap\cubemap_negz.png">
      <Filter>Arquivos de Recurso</Filter>
    </Image>
    <Image Include="cubemap\cubemap_posx.png">
      <Filter>Arquivos de Recurso</Filter>
    </Image>
    <Image Include="cubemap\cubemap_posy.png">
      <Filter>Arquivos de Recurso</Filter>
    </Image>
    <Image Include="cubemap\cubemap_posz.png">
      <Filter>Arquivos de Recurso</Filter>
    </Image>
  </ItemGroup>
  <ItemGroup>
    <Text Include="cubemap\cubemap_readme.txt" />
  </ItemGroup>
</Project>